
Microsoft Visual Studio Solution File, Format Version 12.00
# Visual Studio Version 17
VisualStudioVersion = 17.3.32901.215
MinimumVisualStudioVersion = 10.0.40219.1
Project("{FAE04EC0-301F-11D3-BF4B-00C04F79EFBC}") = "M356MigrationAPI", "M356MigrationAPI\M356MigrationAPI.csproj", "{5814DA49-8CA5-4BBA-889A-6003EC396E36}"
EndProject
Global
	GlobalSection(SolutionConfigurationPlatforms) = preSolution
		Debug|Any CPU = Debug|Any CPU
		Release|Any CPU = Release|Any CPU
	EndGlobalSection
	GlobalSection(ProjectConfigurationPlatforms) = postSolution
		{5814DA49-8CA5-4BBA-889A-6003EC396E36}.Debug|Any CPU.ActiveCfg = Debug|Any CPU
		{5814DA49-8CA5-4BBA-889A-6003EC396E36}.Debug|Any CPU.Build.0 = Debug|Any CPU
		{5814DA49-8CA5-4BBA-889A-6003EC396E36}.Release|Any CPU.ActiveCfg = Release|Any CPU
		{5814DA49-8CA5-4BBA-889A-6003EC396E36}.Release|Any CPU.Build.0 = Release|Any CPU
	EndGlobalSection
	GlobalSection(SolutionProperties) = preSolution
		HideSolutionNode = FALSE
	EndGlobalSection
	GlobalSection(ExtensibilityGlobals) = postSolution
		SolutionGuid = {8F339AB6-431A-4041-A889-CBD8FF483443}
	EndGlobalSection
EndGlobal
